
Microsoft Visual Studio Solution File, Format Version 12.00
# Visual Studio Version 16
VisualStudioVersion = 16.0.31515.178
MinimumVisualStudioVersion = 10.0.40219.1
Project("{8BC9CEB8-8B4A-11D0-8D11-00A0C91BC942}") = "while_0_to_99", "while_0_to_99\while_0_to_99.vcxproj", "{AFA81707-46EF-4685-954C-4D2E676B82B1}"
EndProject
Global
	GlobalSection(SolutionConfigurationPlatforms) = preSolution
		Debug|x64 = Debug|x64
		Debug|x86 = Debug|x86
		Release|x64 = Release|x64
		Release|x86 = Release|x86
	EndGlobalSection
	GlobalSection(ProjectConfigurationPlatforms) = postSolution
		{AFA81707-46EF-4685-954C-4D2E676B82B1}.Debug|x64.ActiveCfg = Debug|x64
		{AFA81707-46EF-4685-954C-4D2E676B82B1}.Debug|x64.Build.0 = Debug|x64
		{AFA81707-46EF-4685-954C-4D2E676B82B1}.Debug|x86.ActiveCfg = Debug|Win32
		{AFA81707-46EF-4685-954C-4D2E676B82B1}.Debug|x86.Build.0 = Debug|Win32
		{AFA81707-46EF-4685-954C-4D2E676B82B1}.Release|x64.ActiveCfg = Release|x64
		{AFA81707-46EF-4685-954C-4D2E676B82B1}.Release|x64.Build.0 = Release|x64
		{AFA81707-46EF-4685-954C-4D2E676B82B1}.Release|x86.ActiveCfg = Release|Win32
		{AFA81707-46EF-4685-954C-4D2E676B82B1}.Release|x86.Build.0 = Release|Win32
	EndGlobalSection
	GlobalSection(SolutionProperties) = preSolution
		HideSolutionNode = FALSE
	EndGlobalSection
	GlobalSection(ExtensibilityGlobals) = postSolution
		SolutionGuid = {D3FB86B7-1748-45C8-B6EC-19E92394303A}
	EndGlobalSection
EndGlobal
