
Microsoft Visual Studio Solution File, Format Version 12.00
# Visual Studio Version 16
VisualStudioVersion = 16.0.31515.178
MinimumVisualStudioVersion = 10.0.40219.1
Project("{8BC9CEB8-8B4A-11D0-8D11-00A0C91BC942}") = "examplecalc", "examplecalc\examplecalc.vcxproj", "{A520CDE9-26C8-43DB-87F3-326047F43697}"
EndProject
Global
	GlobalSection(SolutionConfigurationPlatforms) = preSolution
		Debug|x64 = Debug|x64
		Debug|x86 = Debug|x86
		Release|x64 = Release|x64
		Release|x86 = Release|x86
	EndGlobalSection
	GlobalSection(ProjectConfigurationPlatforms) = postSolution
		{A520CDE9-26C8-43DB-87F3-326047F43697}.Debug|x64.ActiveCfg = Debug|x64
		{A520CDE9-26C8-43DB-87F3-326047F43697}.Debug|x64.Build.0 = Debug|x64
		{A520CDE9-26C8-43DB-87F3-326047F43697}.Debug|x86.ActiveCfg = Debug|Win32
		{A520CDE9-26C8-43DB-87F3-326047F43697}.Debug|x86.Build.0 = Debug|Win32
		{A520CDE9-26C8-43DB-87F3-326047F43697}.Release|x64.ActiveCfg = Release|x64
		{A520CDE9-26C8-43DB-87F3-326047F43697}.Release|x64.Build.0 = Release|x64
		{A520CDE9-26C8-43DB-87F3-326047F43697}.Release|x86.ActiveCfg = Release|Win32
		{A520CDE9-26C8-43DB-87F3-326047F43697}.Release|x86.Build.0 = Release|Win32
	EndGlobalSection
	GlobalSection(SolutionProperties) = preSolution
		HideSolutionNode = FALSE
	EndGlobalSection
	GlobalSection(ExtensibilityGlobals) = postSolution
		SolutionGuid = {141ED6E5-7417-4742-B62C-70A68041A7B8}
	EndGlobalSection
EndGlobal
