
Microsoft Visual Studio Solution File, Format Version 12.00
# Visual Studio Version 16
VisualStudioVersion = 16.0.31515.178
MinimumVisualStudioVersion = 10.0.40219.1
Project("{8BC9CEB8-8B4A-11D0-8D11-00A0C91BC942}") = "struct_offsetof", "struct_offsetof\struct_offsetof.vcxproj", "{1BAF8FE9-2F41-4FAB-A28C-6C4E41828F6E}"
EndProject
Global
	GlobalSection(SolutionConfigurationPlatforms) = preSolution
		Debug|x64 = Debug|x64
		Debug|x86 = Debug|x86
		Release|x64 = Release|x64
		Release|x86 = Release|x86
	EndGlobalSection
	GlobalSection(ProjectConfigurationPlatforms) = postSolution
		{1BAF8FE9-2F41-4FAB-A28C-6C4E41828F6E}.Debug|x64.ActiveCfg = Debug|x64
		{1BAF8FE9-2F41-4FAB-A28C-6C4E41828F6E}.Debug|x64.Build.0 = Debug|x64
		{1BAF8FE9-2F41-4FAB-A28C-6C4E41828F6E}.Debug|x86.ActiveCfg = Debug|Win32
		{1BAF8FE9-2F41-4FAB-A28C-6C4E41828F6E}.Debug|x86.Build.0 = Debug|Win32
		{1BAF8FE9-2F41-4FAB-A28C-6C4E41828F6E}.Release|x64.ActiveCfg = Release|x64
		{1BAF8FE9-2F41-4FAB-A28C-6C4E41828F6E}.Release|x64.Build.0 = Release|x64
		{1BAF8FE9-2F41-4FAB-A28C-6C4E41828F6E}.Release|x86.ActiveCfg = Release|Win32
		{1BAF8FE9-2F41-4FAB-A28C-6C4E41828F6E}.Release|x86.Build.0 = Release|Win32
	EndGlobalSection
	GlobalSection(SolutionProperties) = preSolution
		HideSolutionNode = FALSE
	EndGlobalSection
	GlobalSection(ExtensibilityGlobals) = postSolution
		SolutionGuid = {C51B6E91-CB1B-448E-923D-0CE4F19D4446}
	EndGlobalSection
EndGlobal
