
Microsoft Visual Studio Solution File, Format Version 12.00
# Visual Studio Version 16
VisualStudioVersion = 16.0.31515.178
MinimumVisualStudioVersion = 10.0.40219.1
Project("{8BC9CEB8-8B4A-11D0-8D11-00A0C91BC942}") = "add_sub_integer", "add_sub_integer\add_sub_integer.vcxproj", "{B3F72D12-77D8-4D70-926B-CFB8FFD06AF1}"
EndProject
Global
	GlobalSection(SolutionConfigurationPlatforms) = preSolution
		Debug|x64 = Debug|x64
		Debug|x86 = Debug|x86
		Release|x64 = Release|x64
		Release|x86 = Release|x86
	EndGlobalSection
	GlobalSection(ProjectConfigurationPlatforms) = postSolution
		{B3F72D12-77D8-4D70-926B-CFB8FFD06AF1}.Debug|x64.ActiveCfg = Debug|x64
		{B3F72D12-77D8-4D70-926B-CFB8FFD06AF1}.Debug|x64.Build.0 = Debug|x64
		{B3F72D12-77D8-4D70-926B-CFB8FFD06AF1}.Debug|x86.ActiveCfg = Debug|Win32
		{B3F72D12-77D8-4D70-926B-CFB8FFD06AF1}.Debug|x86.Build.0 = Debug|Win32
		{B3F72D12-77D8-4D70-926B-CFB8FFD06AF1}.Release|x64.ActiveCfg = Release|x64
		{B3F72D12-77D8-4D70-926B-CFB8FFD06AF1}.Release|x64.Build.0 = Release|x64
		{B3F72D12-77D8-4D70-926B-CFB8FFD06AF1}.Release|x86.ActiveCfg = Release|Win32
		{B3F72D12-77D8-4D70-926B-CFB8FFD06AF1}.Release|x86.Build.0 = Release|Win32
	EndGlobalSection
	GlobalSection(SolutionProperties) = preSolution
		HideSolutionNode = FALSE
	EndGlobalSection
	GlobalSection(ExtensibilityGlobals) = postSolution
		SolutionGuid = {8DCB027F-EBD3-4E52-85BE-4A8644A04A40}
	EndGlobalSection
EndGlobal
