
Microsoft Visual Studio Solution File, Format Version 12.00
# Visual Studio Version 16
VisualStudioVersion = 16.0.31515.178
MinimumVisualStudioVersion = 10.0.40219.1
Project("{8BC9CEB8-8B4A-11D0-8D11-00A0C91BC942}") = "judge_file_read_struct", "judge_file_read_struct\judge_file_read_struct.vcxproj", "{F5E7F8C2-7B74-4D21-AE2F-0F3F3892784B}"
EndProject
Global
	GlobalSection(SolutionConfigurationPlatforms) = preSolution
		Debug|x64 = Debug|x64
		Debug|x86 = Debug|x86
		Release|x64 = Release|x64
		Release|x86 = Release|x86
	EndGlobalSection
	GlobalSection(ProjectConfigurationPlatforms) = postSolution
		{F5E7F8C2-7B74-4D21-AE2F-0F3F3892784B}.Debug|x64.ActiveCfg = Debug|x64
		{F5E7F8C2-7B74-4D21-AE2F-0F3F3892784B}.Debug|x64.Build.0 = Debug|x64
		{F5E7F8C2-7B74-4D21-AE2F-0F3F3892784B}.Debug|x86.ActiveCfg = Debug|Win32
		{F5E7F8C2-7B74-4D21-AE2F-0F3F3892784B}.Debug|x86.Build.0 = Debug|Win32
		{F5E7F8C2-7B74-4D21-AE2F-0F3F3892784B}.Release|x64.ActiveCfg = Release|x64
		{F5E7F8C2-7B74-4D21-AE2F-0F3F3892784B}.Release|x64.Build.0 = Release|x64
		{F5E7F8C2-7B74-4D21-AE2F-0F3F3892784B}.Release|x86.ActiveCfg = Release|Win32
		{F5E7F8C2-7B74-4D21-AE2F-0F3F3892784B}.Release|x86.Build.0 = Release|Win32
	EndGlobalSection
	GlobalSection(SolutionProperties) = preSolution
		HideSolutionNode = FALSE
	EndGlobalSection
	GlobalSection(ExtensibilityGlobals) = postSolution
		SolutionGuid = {AC74403B-2983-499B-877D-F8F6DE73E729}
	EndGlobalSection
EndGlobal
