
Microsoft Visual Studio Solution File, Format Version 12.00
# Visual Studio Version 16
VisualStudioVersion = 16.0.31515.178
MinimumVisualStudioVersion = 10.0.40219.1
Project("{8BC9CEB8-8B4A-11D0-8D11-00A0C91BC942}") = "two_point_distance", "two_point_distance\two_point_distance.vcxproj", "{E81B5E76-E55C-48BC-AB23-569647D3CD50}"
EndProject
Global
	GlobalSection(SolutionConfigurationPlatforms) = preSolution
		Debug|x64 = Debug|x64
		Debug|x86 = Debug|x86
		Release|x64 = Release|x64
		Release|x86 = Release|x86
	EndGlobalSection
	GlobalSection(ProjectConfigurationPlatforms) = postSolution
		{E81B5E76-E55C-48BC-AB23-569647D3CD50}.Debug|x64.ActiveCfg = Debug|x64
		{E81B5E76-E55C-48BC-AB23-569647D3CD50}.Debug|x64.Build.0 = Debug|x64
		{E81B5E76-E55C-48BC-AB23-569647D3CD50}.Debug|x86.ActiveCfg = Debug|Win32
		{E81B5E76-E55C-48BC-AB23-569647D3CD50}.Debug|x86.Build.0 = Debug|Win32
		{E81B5E76-E55C-48BC-AB23-569647D3CD50}.Release|x64.ActiveCfg = Release|x64
		{E81B5E76-E55C-48BC-AB23-569647D3CD50}.Release|x64.Build.0 = Release|x64
		{E81B5E76-E55C-48BC-AB23-569647D3CD50}.Release|x86.ActiveCfg = Release|Win32
		{E81B5E76-E55C-48BC-AB23-569647D3CD50}.Release|x86.Build.0 = Release|Win32
	EndGlobalSection
	GlobalSection(SolutionProperties) = preSolution
		HideSolutionNode = FALSE
	EndGlobalSection
	GlobalSection(ExtensibilityGlobals) = postSolution
		SolutionGuid = {8BBEFB3D-7823-4D97-AA03-0835D72C1E70}
	EndGlobalSection
EndGlobal
