
Microsoft Visual Studio Solution File, Format Version 12.00
# Visual Studio Version 16
VisualStudioVersion = 16.0.31515.178
MinimumVisualStudioVersion = 10.0.40219.1
Project("{8BC9CEB8-8B4A-11D0-8D11-00A0C91BC942}") = "real_number_sizeof", "real_number_sizeof\real_number_sizeof.vcxproj", "{EFB7F56C-F480-439E-873F-2CDB897B6013}"
EndProject
Global
	GlobalSection(SolutionConfigurationPlatforms) = preSolution
		Debug|x64 = Debug|x64
		Debug|x86 = Debug|x86
		Release|x64 = Release|x64
		Release|x86 = Release|x86
	EndGlobalSection
	GlobalSection(ProjectConfigurationPlatforms) = postSolution
		{EFB7F56C-F480-439E-873F-2CDB897B6013}.Debug|x64.ActiveCfg = Debug|x64
		{EFB7F56C-F480-439E-873F-2CDB897B6013}.Debug|x64.Build.0 = Debug|x64
		{EFB7F56C-F480-439E-873F-2CDB897B6013}.Debug|x86.ActiveCfg = Debug|Win32
		{EFB7F56C-F480-439E-873F-2CDB897B6013}.Debug|x86.Build.0 = Debug|Win32
		{EFB7F56C-F480-439E-873F-2CDB897B6013}.Release|x64.ActiveCfg = Release|x64
		{EFB7F56C-F480-439E-873F-2CDB897B6013}.Release|x64.Build.0 = Release|x64
		{EFB7F56C-F480-439E-873F-2CDB897B6013}.Release|x86.ActiveCfg = Release|Win32
		{EFB7F56C-F480-439E-873F-2CDB897B6013}.Release|x86.Build.0 = Release|Win32
	EndGlobalSection
	GlobalSection(SolutionProperties) = preSolution
		HideSolutionNode = FALSE
	EndGlobalSection
	GlobalSection(ExtensibilityGlobals) = postSolution
		SolutionGuid = {06A5A62F-7C08-465C-8D35-A642A52F81E4}
	EndGlobalSection
EndGlobal
