
Microsoft Visual Studio Solution File, Format Version 12.00
# Visual Studio Version 16
VisualStudioVersion = 16.0.31515.178
MinimumVisualStudioVersion = 10.0.40219.1
Project("{8BC9CEB8-8B4A-11D0-8D11-00A0C91BC942}") = "two_dimensional_array_invalid_index", "two_dimensional_array_invalid_index\two_dimensional_array_invalid_index.vcxproj", "{6FF14005-2CFF-4077-9509-9727999D29F1}"
EndProject
Global
	GlobalSection(SolutionConfigurationPlatforms) = preSolution
		Debug|x64 = Debug|x64
		Debug|x86 = Debug|x86
		Release|x64 = Release|x64
		Release|x86 = Release|x86
	EndGlobalSection
	GlobalSection(ProjectConfigurationPlatforms) = postSolution
		{6FF14005-2CFF-4077-9509-9727999D29F1}.Debug|x64.ActiveCfg = Debug|x64
		{6FF14005-2CFF-4077-9509-9727999D29F1}.Debug|x64.Build.0 = Debug|x64
		{6FF14005-2CFF-4077-9509-9727999D29F1}.Debug|x86.ActiveCfg = Debug|Win32
		{6FF14005-2CFF-4077-9509-9727999D29F1}.Debug|x86.Build.0 = Debug|Win32
		{6FF14005-2CFF-4077-9509-9727999D29F1}.Release|x64.ActiveCfg = Release|x64
		{6FF14005-2CFF-4077-9509-9727999D29F1}.Release|x64.Build.0 = Release|x64
		{6FF14005-2CFF-4077-9509-9727999D29F1}.Release|x86.ActiveCfg = Release|Win32
		{6FF14005-2CFF-4077-9509-9727999D29F1}.Release|x86.Build.0 = Release|Win32
	EndGlobalSection
	GlobalSection(SolutionProperties) = preSolution
		HideSolutionNode = FALSE
	EndGlobalSection
	GlobalSection(ExtensibilityGlobals) = postSolution
		SolutionGuid = {A7DA63BF-2519-4CBE-B684-725B346696DC}
	EndGlobalSection
EndGlobal
