
Microsoft Visual Studio Solution File, Format Version 12.00
# Visual Studio Version 16
VisualStudioVersion = 16.0.31515.178
MinimumVisualStudioVersion = 10.0.40219.1
Project("{8BC9CEB8-8B4A-11D0-8D11-00A0C91BC942}") = "bitwise_and_or_xor_operator", "bitwise_and_or_xor_operator\bitwise_and_or_xor_operator.vcxproj", "{5268704A-7760-4A99-B9BB-8A40175DE354}"
EndProject
Global
	GlobalSection(SolutionConfigurationPlatforms) = preSolution
		Debug|x64 = Debug|x64
		Debug|x86 = Debug|x86
		Release|x64 = Release|x64
		Release|x86 = Release|x86
	EndGlobalSection
	GlobalSection(ProjectConfigurationPlatforms) = postSolution
		{5268704A-7760-4A99-B9BB-8A40175DE354}.Debug|x64.ActiveCfg = Debug|x64
		{5268704A-7760-4A99-B9BB-8A40175DE354}.Debug|x64.Build.0 = Debug|x64
		{5268704A-7760-4A99-B9BB-8A40175DE354}.Debug|x86.ActiveCfg = Debug|Win32
		{5268704A-7760-4A99-B9BB-8A40175DE354}.Debug|x86.Build.0 = Debug|Win32
		{5268704A-7760-4A99-B9BB-8A40175DE354}.Release|x64.ActiveCfg = Release|x64
		{5268704A-7760-4A99-B9BB-8A40175DE354}.Release|x64.Build.0 = Release|x64
		{5268704A-7760-4A99-B9BB-8A40175DE354}.Release|x86.ActiveCfg = Release|Win32
		{5268704A-7760-4A99-B9BB-8A40175DE354}.Release|x86.Build.0 = Release|Win32
	EndGlobalSection
	GlobalSection(SolutionProperties) = preSolution
		HideSolutionNode = FALSE
	EndGlobalSection
	GlobalSection(ExtensibilityGlobals) = postSolution
		SolutionGuid = {AF4BC5C7-AF17-465D-9579-4F207B196B21}
	EndGlobalSection
EndGlobal
