
Microsoft Visual Studio Solution File, Format Version 12.00
# Visual Studio Version 16
VisualStudioVersion = 16.0.29613.14
MinimumVisualStudioVersion = 10.0.40219.1
Project("{8BC9CEB8-8B4A-11D0-8D11-00A0C91BC942}") = "comparison_operator_if_real_number", "comparison_operator_if_real_number\comparison_operator_if_real_number.vcxproj", "{E0D05CE6-342D-4DA3-92AF-CC5D57F5AFCC}"
EndProject
Global
	GlobalSection(SolutionConfigurationPlatforms) = preSolution
		Debug|x64 = Debug|x64
		Debug|x86 = Debug|x86
		Release|x64 = Release|x64
		Release|x86 = Release|x86
	EndGlobalSection
	GlobalSection(ProjectConfigurationPlatforms) = postSolution
		{E0D05CE6-342D-4DA3-92AF-CC5D57F5AFCC}.Debug|x64.ActiveCfg = Debug|x64
		{E0D05CE6-342D-4DA3-92AF-CC5D57F5AFCC}.Debug|x64.Build.0 = Debug|x64
		{E0D05CE6-342D-4DA3-92AF-CC5D57F5AFCC}.Debug|x86.ActiveCfg = Debug|Win32
		{E0D05CE6-342D-4DA3-92AF-CC5D57F5AFCC}.Debug|x86.Build.0 = Debug|Win32
		{E0D05CE6-342D-4DA3-92AF-CC5D57F5AFCC}.Release|x64.ActiveCfg = Release|x64
		{E0D05CE6-342D-4DA3-92AF-CC5D57F5AFCC}.Release|x64.Build.0 = Release|x64
		{E0D05CE6-342D-4DA3-92AF-CC5D57F5AFCC}.Release|x86.ActiveCfg = Release|Win32
		{E0D05CE6-342D-4DA3-92AF-CC5D57F5AFCC}.Release|x86.Build.0 = Release|Win32
	EndGlobalSection
	GlobalSection(SolutionProperties) = preSolution
		HideSolutionNode = FALSE
	EndGlobalSection
	GlobalSection(ExtensibilityGlobals) = postSolution
		SolutionGuid = {80B78AA2-BBD4-44AF-955B-9559E5378E5F}
	EndGlobalSection
EndGlobal
