
Microsoft Visual Studio Solution File, Format Version 12.00
# Visual Studio Version 16
VisualStudioVersion = 16.0.31515.178
MinimumVisualStudioVersion = 10.0.40219.1
Project("{8BC9CEB8-8B4A-11D0-8D11-00A0C91BC942}") = "macro_operator_precedence", "macro_operator_precedence\macro_operator_precedence.vcxproj", "{F66883E0-4F2C-49E0-A147-9DE55B6757E1}"
EndProject
Global
	GlobalSection(SolutionConfigurationPlatforms) = preSolution
		Debug|x64 = Debug|x64
		Debug|x86 = Debug|x86
		Release|x64 = Release|x64
		Release|x86 = Release|x86
	EndGlobalSection
	GlobalSection(ProjectConfigurationPlatforms) = postSolution
		{F66883E0-4F2C-49E0-A147-9DE55B6757E1}.Debug|x64.ActiveCfg = Debug|x64
		{F66883E0-4F2C-49E0-A147-9DE55B6757E1}.Debug|x64.Build.0 = Debug|x64
		{F66883E0-4F2C-49E0-A147-9DE55B6757E1}.Debug|x86.ActiveCfg = Debug|Win32
		{F66883E0-4F2C-49E0-A147-9DE55B6757E1}.Debug|x86.Build.0 = Debug|Win32
		{F66883E0-4F2C-49E0-A147-9DE55B6757E1}.Release|x64.ActiveCfg = Release|x64
		{F66883E0-4F2C-49E0-A147-9DE55B6757E1}.Release|x64.Build.0 = Release|x64
		{F66883E0-4F2C-49E0-A147-9DE55B6757E1}.Release|x86.ActiveCfg = Release|Win32
		{F66883E0-4F2C-49E0-A147-9DE55B6757E1}.Release|x86.Build.0 = Release|Win32
	EndGlobalSection
	GlobalSection(SolutionProperties) = preSolution
		HideSolutionNode = FALSE
	EndGlobalSection
	GlobalSection(ExtensibilityGlobals) = postSolution
		SolutionGuid = {A389236A-DA01-4B96-9E84-393254E9D7E5}
	EndGlobalSection
EndGlobal
