
Microsoft Visual Studio Solution File, Format Version 12.00
# Visual Studio Version 16
VisualStudioVersion = 16.0.31515.178
MinimumVisualStudioVersion = 10.0.40219.1
Project("{8BC9CEB8-8B4A-11D0-8D11-00A0C91BC942}") = "do_while_1_to_100", "do_while_1_to_100\do_while_1_to_100.vcxproj", "{418646AF-1C99-4F0E-B8B0-89576EBFE11E}"
EndProject
Global
	GlobalSection(SolutionConfigurationPlatforms) = preSolution
		Debug|x64 = Debug|x64
		Debug|x86 = Debug|x86
		Release|x64 = Release|x64
		Release|x86 = Release|x86
	EndGlobalSection
	GlobalSection(ProjectConfigurationPlatforms) = postSolution
		{418646AF-1C99-4F0E-B8B0-89576EBFE11E}.Debug|x64.ActiveCfg = Debug|x64
		{418646AF-1C99-4F0E-B8B0-89576EBFE11E}.Debug|x64.Build.0 = Debug|x64
		{418646AF-1C99-4F0E-B8B0-89576EBFE11E}.Debug|x86.ActiveCfg = Debug|Win32
		{418646AF-1C99-4F0E-B8B0-89576EBFE11E}.Debug|x86.Build.0 = Debug|Win32
		{418646AF-1C99-4F0E-B8B0-89576EBFE11E}.Release|x64.ActiveCfg = Release|x64
		{418646AF-1C99-4F0E-B8B0-89576EBFE11E}.Release|x64.Build.0 = Release|x64
		{418646AF-1C99-4F0E-B8B0-89576EBFE11E}.Release|x86.ActiveCfg = Release|Win32
		{418646AF-1C99-4F0E-B8B0-89576EBFE11E}.Release|x86.Build.0 = Release|Win32
	EndGlobalSection
	GlobalSection(SolutionProperties) = preSolution
		HideSolutionNode = FALSE
	EndGlobalSection
	GlobalSection(ExtensibilityGlobals) = postSolution
		SolutionGuid = {64DD4545-879D-421A-B3C2-44151A97218E}
	EndGlobalSection
EndGlobal
