
Microsoft Visual Studio Solution File, Format Version 12.00
# Visual Studio Version 16
VisualStudioVersion = 16.0.31515.178
MinimumVisualStudioVersion = 10.0.40219.1
Project("{8BC9CEB8-8B4A-11D0-8D11-00A0C91BC942}") = "increment_decrement_prefix", "increment_decrement_prefix\increment_decrement_prefix.vcxproj", "{B66D733F-6F3F-4E9E-AF34-6E923444585D}"
EndProject
Global
	GlobalSection(SolutionConfigurationPlatforms) = preSolution
		Debug|x64 = Debug|x64
		Debug|x86 = Debug|x86
		Release|x64 = Release|x64
		Release|x86 = Release|x86
	EndGlobalSection
	GlobalSection(ProjectConfigurationPlatforms) = postSolution
		{B66D733F-6F3F-4E9E-AF34-6E923444585D}.Debug|x64.ActiveCfg = Debug|x64
		{B66D733F-6F3F-4E9E-AF34-6E923444585D}.Debug|x64.Build.0 = Debug|x64
		{B66D733F-6F3F-4E9E-AF34-6E923444585D}.Debug|x86.ActiveCfg = Debug|Win32
		{B66D733F-6F3F-4E9E-AF34-6E923444585D}.Debug|x86.Build.0 = Debug|Win32
		{B66D733F-6F3F-4E9E-AF34-6E923444585D}.Release|x64.ActiveCfg = Release|x64
		{B66D733F-6F3F-4E9E-AF34-6E923444585D}.Release|x64.Build.0 = Release|x64
		{B66D733F-6F3F-4E9E-AF34-6E923444585D}.Release|x86.ActiveCfg = Release|Win32
		{B66D733F-6F3F-4E9E-AF34-6E923444585D}.Release|x86.Build.0 = Release|Win32
	EndGlobalSection
	GlobalSection(SolutionProperties) = preSolution
		HideSolutionNode = FALSE
	EndGlobalSection
	GlobalSection(ExtensibilityGlobals) = postSolution
		SolutionGuid = {EF3B1B3C-29E0-4305-BBB5-313E22FD6CC5}
	EndGlobalSection
EndGlobal
