
Microsoft Visual Studio Solution File, Format Version 12.00
# Visual Studio Version 16
VisualStudioVersion = 16.0.31515.178
MinimumVisualStudioVersion = 10.0.40219.1
Project("{8BC9CEB8-8B4A-11D0-8D11-00A0C91BC942}") = "switch_char", "switch_char\switch_char.vcxproj", "{19325FDA-9500-45E9-B4C8-86D464B30018}"
EndProject
Global
	GlobalSection(SolutionConfigurationPlatforms) = preSolution
		Debug|x64 = Debug|x64
		Debug|x86 = Debug|x86
		Release|x64 = Release|x64
		Release|x86 = Release|x86
	EndGlobalSection
	GlobalSection(ProjectConfigurationPlatforms) = postSolution
		{19325FDA-9500-45E9-B4C8-86D464B30018}.Debug|x64.ActiveCfg = Debug|x64
		{19325FDA-9500-45E9-B4C8-86D464B30018}.Debug|x64.Build.0 = Debug|x64
		{19325FDA-9500-45E9-B4C8-86D464B30018}.Debug|x86.ActiveCfg = Debug|Win32
		{19325FDA-9500-45E9-B4C8-86D464B30018}.Debug|x86.Build.0 = Debug|Win32
		{19325FDA-9500-45E9-B4C8-86D464B30018}.Release|x64.ActiveCfg = Release|x64
		{19325FDA-9500-45E9-B4C8-86D464B30018}.Release|x64.Build.0 = Release|x64
		{19325FDA-9500-45E9-B4C8-86D464B30018}.Release|x86.ActiveCfg = Release|Win32
		{19325FDA-9500-45E9-B4C8-86D464B30018}.Release|x86.Build.0 = Release|Win32
	EndGlobalSection
	GlobalSection(SolutionProperties) = preSolution
		HideSolutionNode = FALSE
	EndGlobalSection
	GlobalSection(ExtensibilityGlobals) = postSolution
		SolutionGuid = {98F27DD5-C1C9-4510-A7E9-847EA81D1ED3}
	EndGlobalSection
EndGlobal
