
Microsoft Visual Studio Solution File, Format Version 12.00
# Visual Studio Version 16
VisualStudioVersion = 16.0.31515.178
MinimumVisualStudioVersion = 10.0.40219.1
Project("{8BC9CEB8-8B4A-11D0-8D11-00A0C91BC942}") = "string_array_omit_size", "string_array_omit_size\string_array_omit_size.vcxproj", "{844D2AA4-38FC-4F98-9989-0AB8D05301B4}"
EndProject
Global
	GlobalSection(SolutionConfigurationPlatforms) = preSolution
		Debug|x64 = Debug|x64
		Debug|x86 = Debug|x86
		Release|x64 = Release|x64
		Release|x86 = Release|x86
	EndGlobalSection
	GlobalSection(ProjectConfigurationPlatforms) = postSolution
		{844D2AA4-38FC-4F98-9989-0AB8D05301B4}.Debug|x64.ActiveCfg = Debug|x64
		{844D2AA4-38FC-4F98-9989-0AB8D05301B4}.Debug|x64.Build.0 = Debug|x64
		{844D2AA4-38FC-4F98-9989-0AB8D05301B4}.Debug|x86.ActiveCfg = Debug|Win32
		{844D2AA4-38FC-4F98-9989-0AB8D05301B4}.Debug|x86.Build.0 = Debug|Win32
		{844D2AA4-38FC-4F98-9989-0AB8D05301B4}.Release|x64.ActiveCfg = Release|x64
		{844D2AA4-38FC-4F98-9989-0AB8D05301B4}.Release|x64.Build.0 = Release|x64
		{844D2AA4-38FC-4F98-9989-0AB8D05301B4}.Release|x86.ActiveCfg = Release|Win32
		{844D2AA4-38FC-4F98-9989-0AB8D05301B4}.Release|x86.Build.0 = Release|Win32
	EndGlobalSection
	GlobalSection(SolutionProperties) = preSolution
		HideSolutionNode = FALSE
	EndGlobalSection
	GlobalSection(ExtensibilityGlobals) = postSolution
		SolutionGuid = {CD2A3B0B-5E8C-4160-B7CB-E56C52011EBA}
	EndGlobalSection
EndGlobal
