
Microsoft Visual Studio Solution File, Format Version 12.00
# Visual Studio Version 16
VisualStudioVersion = 16.0.31515.178
MinimumVisualStudioVersion = 10.0.40219.1
Project("{8BC9CEB8-8B4A-11D0-8D11-00A0C91BC942}") = "function_prototype", "function_prototype\function_prototype.vcxproj", "{B267E586-7C69-4D8A-8796-EB6B72D7898F}"
EndProject
Global
	GlobalSection(SolutionConfigurationPlatforms) = preSolution
		Debug|x64 = Debug|x64
		Debug|x86 = Debug|x86
		Release|x64 = Release|x64
		Release|x86 = Release|x86
	EndGlobalSection
	GlobalSection(ProjectConfigurationPlatforms) = postSolution
		{B267E586-7C69-4D8A-8796-EB6B72D7898F}.Debug|x64.ActiveCfg = Debug|x64
		{B267E586-7C69-4D8A-8796-EB6B72D7898F}.Debug|x64.Build.0 = Debug|x64
		{B267E586-7C69-4D8A-8796-EB6B72D7898F}.Debug|x86.ActiveCfg = Debug|Win32
		{B267E586-7C69-4D8A-8796-EB6B72D7898F}.Debug|x86.Build.0 = Debug|Win32
		{B267E586-7C69-4D8A-8796-EB6B72D7898F}.Release|x64.ActiveCfg = Release|x64
		{B267E586-7C69-4D8A-8796-EB6B72D7898F}.Release|x64.Build.0 = Release|x64
		{B267E586-7C69-4D8A-8796-EB6B72D7898F}.Release|x86.ActiveCfg = Release|Win32
		{B267E586-7C69-4D8A-8796-EB6B72D7898F}.Release|x86.Build.0 = Release|Win32
	EndGlobalSection
	GlobalSection(SolutionProperties) = preSolution
		HideSolutionNode = FALSE
	EndGlobalSection
	GlobalSection(ExtensibilityGlobals) = postSolution
		SolutionGuid = {5987AFB7-1570-4038-AEEC-21F47C93BC04}
	EndGlobalSection
EndGlobal
