
Microsoft Visual Studio Solution File, Format Version 12.00
# Visual Studio Version 16
VisualStudioVersion = 16.0.31515.178
MinimumVisualStudioVersion = 10.0.40219.1
Project("{8BC9CEB8-8B4A-11D0-8D11-00A0C91BC942}") = "practice_function_parameter", "practice_function_parameter\practice_function_parameter.vcxproj", "{B663B404-22CC-492C-A812-9A09E9257218}"
EndProject
Global
	GlobalSection(SolutionConfigurationPlatforms) = preSolution
		Debug|x64 = Debug|x64
		Debug|x86 = Debug|x86
		Release|x64 = Release|x64
		Release|x86 = Release|x86
	EndGlobalSection
	GlobalSection(ProjectConfigurationPlatforms) = postSolution
		{B663B404-22CC-492C-A812-9A09E9257218}.Debug|x64.ActiveCfg = Debug|x64
		{B663B404-22CC-492C-A812-9A09E9257218}.Debug|x64.Build.0 = Debug|x64
		{B663B404-22CC-492C-A812-9A09E9257218}.Debug|x86.ActiveCfg = Debug|Win32
		{B663B404-22CC-492C-A812-9A09E9257218}.Debug|x86.Build.0 = Debug|Win32
		{B663B404-22CC-492C-A812-9A09E9257218}.Release|x64.ActiveCfg = Release|x64
		{B663B404-22CC-492C-A812-9A09E9257218}.Release|x64.Build.0 = Release|x64
		{B663B404-22CC-492C-A812-9A09E9257218}.Release|x86.ActiveCfg = Release|Win32
		{B663B404-22CC-492C-A812-9A09E9257218}.Release|x86.Build.0 = Release|Win32
	EndGlobalSection
	GlobalSection(SolutionProperties) = preSolution
		HideSolutionNode = FALSE
	EndGlobalSection
	GlobalSection(ExtensibilityGlobals) = postSolution
		SolutionGuid = {80F07AC3-F33A-4DF5-B541-163373F25B77}
	EndGlobalSection
EndGlobal
