
Microsoft Visual Studio Solution File, Format Version 12.00
# Visual Studio Version 16
VisualStudioVersion = 16.0.29613.14
MinimumVisualStudioVersion = 10.0.40219.1
Project("{8BC9CEB8-8B4A-11D0-8D11-00A0C91BC942}") = "judge_ternary_conditional_operator", "judge_ternary_conditional_operator\judge_ternary_conditional_operator.vcxproj", "{21F95E11-A205-4EBB-9E0C-B6E606EDEC3E}"
EndProject
Global
	GlobalSection(SolutionConfigurationPlatforms) = preSolution
		Debug|x64 = Debug|x64
		Debug|x86 = Debug|x86
		Release|x64 = Release|x64
		Release|x86 = Release|x86
	EndGlobalSection
	GlobalSection(ProjectConfigurationPlatforms) = postSolution
		{21F95E11-A205-4EBB-9E0C-B6E606EDEC3E}.Debug|x64.ActiveCfg = Debug|x64
		{21F95E11-A205-4EBB-9E0C-B6E606EDEC3E}.Debug|x64.Build.0 = Debug|x64
		{21F95E11-A205-4EBB-9E0C-B6E606EDEC3E}.Debug|x86.ActiveCfg = Debug|Win32
		{21F95E11-A205-4EBB-9E0C-B6E606EDEC3E}.Debug|x86.Build.0 = Debug|Win32
		{21F95E11-A205-4EBB-9E0C-B6E606EDEC3E}.Release|x64.ActiveCfg = Release|x64
		{21F95E11-A205-4EBB-9E0C-B6E606EDEC3E}.Release|x64.Build.0 = Release|x64
		{21F95E11-A205-4EBB-9E0C-B6E606EDEC3E}.Release|x86.ActiveCfg = Release|Win32
		{21F95E11-A205-4EBB-9E0C-B6E606EDEC3E}.Release|x86.Build.0 = Release|Win32
	EndGlobalSection
	GlobalSection(SolutionProperties) = preSolution
		HideSolutionNode = FALSE
	EndGlobalSection
	GlobalSection(ExtensibilityGlobals) = postSolution
		SolutionGuid = {D5419488-5C9C-4900-932F-C84B067974E7}
	EndGlobalSection
EndGlobal
