
Microsoft Visual Studio Solution File, Format Version 12.00
# Visual Studio Version 16
VisualStudioVersion = 16.0.31515.178
MinimumVisualStudioVersion = 10.0.40219.1
Project("{8BC9CEB8-8B4A-11D0-8D11-00A0C91BC942}") = "practice_real_number_sizeof", "practice_real_number_sizeof\practice_real_number_sizeof.vcxproj", "{2C66E21A-599D-4F00-A48F-6AD473A968C1}"
EndProject
Global
	GlobalSection(SolutionConfigurationPlatforms) = preSolution
		Debug|x64 = Debug|x64
		Debug|x86 = Debug|x86
		Release|x64 = Release|x64
		Release|x86 = Release|x86
	EndGlobalSection
	GlobalSection(ProjectConfigurationPlatforms) = postSolution
		{2C66E21A-599D-4F00-A48F-6AD473A968C1}.Debug|x64.ActiveCfg = Debug|x64
		{2C66E21A-599D-4F00-A48F-6AD473A968C1}.Debug|x64.Build.0 = Debug|x64
		{2C66E21A-599D-4F00-A48F-6AD473A968C1}.Debug|x86.ActiveCfg = Debug|Win32
		{2C66E21A-599D-4F00-A48F-6AD473A968C1}.Debug|x86.Build.0 = Debug|Win32
		{2C66E21A-599D-4F00-A48F-6AD473A968C1}.Release|x64.ActiveCfg = Release|x64
		{2C66E21A-599D-4F00-A48F-6AD473A968C1}.Release|x64.Build.0 = Release|x64
		{2C66E21A-599D-4F00-A48F-6AD473A968C1}.Release|x86.ActiveCfg = Release|Win32
		{2C66E21A-599D-4F00-A48F-6AD473A968C1}.Release|x86.Build.0 = Release|Win32
	EndGlobalSection
	GlobalSection(SolutionProperties) = preSolution
		HideSolutionNode = FALSE
	EndGlobalSection
	GlobalSection(ExtensibilityGlobals) = postSolution
		SolutionGuid = {6A681B55-3467-4CD6-AE6A-97A4B89DE072}
	EndGlobalSection
EndGlobal
