
Microsoft Visual Studio Solution File, Format Version 12.00
# Visual Studio Version 16
VisualStudioVersion = 16.0.31515.178
MinimumVisualStudioVersion = 10.0.40219.1
Project("{8BC9CEB8-8B4A-11D0-8D11-00A0C91BC942}") = "typedef", "typedef\typedef.vcxproj", "{0C340509-1A2D-4016-A6C5-272B9E994F55}"
EndProject
Global
	GlobalSection(SolutionConfigurationPlatforms) = preSolution
		Debug|x64 = Debug|x64
		Debug|x86 = Debug|x86
		Release|x64 = Release|x64
		Release|x86 = Release|x86
	EndGlobalSection
	GlobalSection(ProjectConfigurationPlatforms) = postSolution
		{0C340509-1A2D-4016-A6C5-272B9E994F55}.Debug|x64.ActiveCfg = Debug|x64
		{0C340509-1A2D-4016-A6C5-272B9E994F55}.Debug|x64.Build.0 = Debug|x64
		{0C340509-1A2D-4016-A6C5-272B9E994F55}.Debug|x86.ActiveCfg = Debug|Win32
		{0C340509-1A2D-4016-A6C5-272B9E994F55}.Debug|x86.Build.0 = Debug|Win32
		{0C340509-1A2D-4016-A6C5-272B9E994F55}.Release|x64.ActiveCfg = Release|x64
		{0C340509-1A2D-4016-A6C5-272B9E994F55}.Release|x64.Build.0 = Release|x64
		{0C340509-1A2D-4016-A6C5-272B9E994F55}.Release|x86.ActiveCfg = Release|Win32
		{0C340509-1A2D-4016-A6C5-272B9E994F55}.Release|x86.Build.0 = Release|Win32
	EndGlobalSection
	GlobalSection(SolutionProperties) = preSolution
		HideSolutionNode = FALSE
	EndGlobalSection
	GlobalSection(ExtensibilityGlobals) = postSolution
		SolutionGuid = {3C3ADF34-136B-4633-959D-497D4343AC17}
	EndGlobalSection
EndGlobal
