
Microsoft Visual Studio Solution File, Format Version 12.00
# Visual Studio Version 16
VisualStudioVersion = 16.0.31515.178
MinimumVisualStudioVersion = 10.0.40219.1
Project("{8BC9CEB8-8B4A-11D0-8D11-00A0C91BC942}") = "file_write_format", "file_write_format\file_write_format.vcxproj", "{2A6C2740-CF3D-4FDD-9A07-02299A3A4BEA}"
EndProject
Global
	GlobalSection(SolutionConfigurationPlatforms) = preSolution
		Debug|x64 = Debug|x64
		Debug|x86 = Debug|x86
		Release|x64 = Release|x64
		Release|x86 = Release|x86
	EndGlobalSection
	GlobalSection(ProjectConfigurationPlatforms) = postSolution
		{2A6C2740-CF3D-4FDD-9A07-02299A3A4BEA}.Debug|x64.ActiveCfg = Debug|x64
		{2A6C2740-CF3D-4FDD-9A07-02299A3A4BEA}.Debug|x64.Build.0 = Debug|x64
		{2A6C2740-CF3D-4FDD-9A07-02299A3A4BEA}.Debug|x86.ActiveCfg = Debug|Win32
		{2A6C2740-CF3D-4FDD-9A07-02299A3A4BEA}.Debug|x86.Build.0 = Debug|Win32
		{2A6C2740-CF3D-4FDD-9A07-02299A3A4BEA}.Release|x64.ActiveCfg = Release|x64
		{2A6C2740-CF3D-4FDD-9A07-02299A3A4BEA}.Release|x64.Build.0 = Release|x64
		{2A6C2740-CF3D-4FDD-9A07-02299A3A4BEA}.Release|x86.ActiveCfg = Release|Win32
		{2A6C2740-CF3D-4FDD-9A07-02299A3A4BEA}.Release|x86.Build.0 = Release|Win32
	EndGlobalSection
	GlobalSection(SolutionProperties) = preSolution
		HideSolutionNode = FALSE
	EndGlobalSection
	GlobalSection(ExtensibilityGlobals) = postSolution
		SolutionGuid = {46AE3480-13E4-42B2-A195-DFF9BF0573B5}
	EndGlobalSection
EndGlobal
