
Microsoft Visual Studio Solution File, Format Version 12.00
# Visual Studio Version 16
VisualStudioVersion = 16.0.31515.178
MinimumVisualStudioVersion = 10.0.40219.1
Project("{8BC9CEB8-8B4A-11D0-8D11-00A0C91BC942}") = "string_concatenate_array_to_array", "string_concatenate_array_to_array\string_concatenate_array_to_array.vcxproj", "{DA4A1CA3-6126-4591-8612-6EA3D2138666}"
EndProject
Global
	GlobalSection(SolutionConfigurationPlatforms) = preSolution
		Debug|x64 = Debug|x64
		Debug|x86 = Debug|x86
		Release|x64 = Release|x64
		Release|x86 = Release|x86
	EndGlobalSection
	GlobalSection(ProjectConfigurationPlatforms) = postSolution
		{DA4A1CA3-6126-4591-8612-6EA3D2138666}.Debug|x64.ActiveCfg = Debug|x64
		{DA4A1CA3-6126-4591-8612-6EA3D2138666}.Debug|x64.Build.0 = Debug|x64
		{DA4A1CA3-6126-4591-8612-6EA3D2138666}.Debug|x86.ActiveCfg = Debug|Win32
		{DA4A1CA3-6126-4591-8612-6EA3D2138666}.Debug|x86.Build.0 = Debug|Win32
		{DA4A1CA3-6126-4591-8612-6EA3D2138666}.Release|x64.ActiveCfg = Release|x64
		{DA4A1CA3-6126-4591-8612-6EA3D2138666}.Release|x64.Build.0 = Release|x64
		{DA4A1CA3-6126-4591-8612-6EA3D2138666}.Release|x86.ActiveCfg = Release|Win32
		{DA4A1CA3-6126-4591-8612-6EA3D2138666}.Release|x86.Build.0 = Release|Win32
	EndGlobalSection
	GlobalSection(SolutionProperties) = preSolution
		HideSolutionNode = FALSE
	EndGlobalSection
	GlobalSection(ExtensibilityGlobals) = postSolution
		SolutionGuid = {E70F2480-290C-4C2D-978F-7269AA2624A4}
	EndGlobalSection
EndGlobal
