
Microsoft Visual Studio Solution File, Format Version 12.00
# Visual Studio Version 16
VisualStudioVersion = 16.0.31515.178
MinimumVisualStudioVersion = 10.0.40219.1
Project("{8BC9CEB8-8B4A-11D0-8D11-00A0C91BC942}") = "judge_integer_real_number_to_string", "judge_integer_real_number_to_string\judge_integer_real_number_to_string.vcxproj", "{FDE01A01-929F-4DCE-96E5-0CD2594DCF4D}"
EndProject
Global
	GlobalSection(SolutionConfigurationPlatforms) = preSolution
		Debug|x64 = Debug|x64
		Debug|x86 = Debug|x86
		Release|x64 = Release|x64
		Release|x86 = Release|x86
	EndGlobalSection
	GlobalSection(ProjectConfigurationPlatforms) = postSolution
		{FDE01A01-929F-4DCE-96E5-0CD2594DCF4D}.Debug|x64.ActiveCfg = Debug|x64
		{FDE01A01-929F-4DCE-96E5-0CD2594DCF4D}.Debug|x64.Build.0 = Debug|x64
		{FDE01A01-929F-4DCE-96E5-0CD2594DCF4D}.Debug|x86.ActiveCfg = Debug|Win32
		{FDE01A01-929F-4DCE-96E5-0CD2594DCF4D}.Debug|x86.Build.0 = Debug|Win32
		{FDE01A01-929F-4DCE-96E5-0CD2594DCF4D}.Release|x64.ActiveCfg = Release|x64
		{FDE01A01-929F-4DCE-96E5-0CD2594DCF4D}.Release|x64.Build.0 = Release|x64
		{FDE01A01-929F-4DCE-96E5-0CD2594DCF4D}.Release|x86.ActiveCfg = Release|Win32
		{FDE01A01-929F-4DCE-96E5-0CD2594DCF4D}.Release|x86.Build.0 = Release|Win32
	EndGlobalSection
	GlobalSection(SolutionProperties) = preSolution
		HideSolutionNode = FALSE
	EndGlobalSection
	GlobalSection(ExtensibilityGlobals) = postSolution
		SolutionGuid = {774C7652-854F-4DF1-94BF-D4D807EEC53A}
	EndGlobalSection
EndGlobal
