
Microsoft Visual Studio Solution File, Format Version 12.00
# Visual Studio Version 16
VisualStudioVersion = 16.0.31515.178
MinimumVisualStudioVersion = 10.0.40219.1
Project("{8BC9CEB8-8B4A-11D0-8D11-00A0C91BC942}") = "auto", "auto\auto.vcxproj", "{F3F7336E-325B-4789-8D58-74234284A0B7}"
EndProject
Global
	GlobalSection(SolutionConfigurationPlatforms) = preSolution
		Debug|x64 = Debug|x64
		Debug|x86 = Debug|x86
		Release|x64 = Release|x64
		Release|x86 = Release|x86
	EndGlobalSection
	GlobalSection(ProjectConfigurationPlatforms) = postSolution
		{F3F7336E-325B-4789-8D58-74234284A0B7}.Debug|x64.ActiveCfg = Debug|x64
		{F3F7336E-325B-4789-8D58-74234284A0B7}.Debug|x64.Build.0 = Debug|x64
		{F3F7336E-325B-4789-8D58-74234284A0B7}.Debug|x86.ActiveCfg = Debug|Win32
		{F3F7336E-325B-4789-8D58-74234284A0B7}.Debug|x86.Build.0 = Debug|Win32
		{F3F7336E-325B-4789-8D58-74234284A0B7}.Release|x64.ActiveCfg = Release|x64
		{F3F7336E-325B-4789-8D58-74234284A0B7}.Release|x64.Build.0 = Release|x64
		{F3F7336E-325B-4789-8D58-74234284A0B7}.Release|x86.ActiveCfg = Release|Win32
		{F3F7336E-325B-4789-8D58-74234284A0B7}.Release|x86.Build.0 = Release|Win32
	EndGlobalSection
	GlobalSection(SolutionProperties) = preSolution
		HideSolutionNode = FALSE
	EndGlobalSection
	GlobalSection(ExtensibilityGlobals) = postSolution
		SolutionGuid = {ABD47AE4-1C4C-454F-8E4B-3567A9B4BFA6}
	EndGlobalSection
EndGlobal
