
Microsoft Visual Studio Solution File, Format Version 12.00
# Visual Studio Version 16
VisualStudioVersion = 16.0.31515.178
MinimumVisualStudioVersion = 10.0.40219.1
Project("{8BC9CEB8-8B4A-11D0-8D11-00A0C91BC942}") = "practice_string_find_from_the_right_character", "practice_string_find_from_the_right_character\practice_string_find_from_the_right_character.vcxproj", "{8D9CF77B-FF46-4F27-8F73-793E092E8CFE}"
EndProject
Global
	GlobalSection(SolutionConfigurationPlatforms) = preSolution
		Debug|x64 = Debug|x64
		Debug|x86 = Debug|x86
		Release|x64 = Release|x64
		Release|x86 = Release|x86
	EndGlobalSection
	GlobalSection(ProjectConfigurationPlatforms) = postSolution
		{8D9CF77B-FF46-4F27-8F73-793E092E8CFE}.Debug|x64.ActiveCfg = Debug|x64
		{8D9CF77B-FF46-4F27-8F73-793E092E8CFE}.Debug|x64.Build.0 = Debug|x64
		{8D9CF77B-FF46-4F27-8F73-793E092E8CFE}.Debug|x86.ActiveCfg = Debug|Win32
		{8D9CF77B-FF46-4F27-8F73-793E092E8CFE}.Debug|x86.Build.0 = Debug|Win32
		{8D9CF77B-FF46-4F27-8F73-793E092E8CFE}.Release|x64.ActiveCfg = Release|x64
		{8D9CF77B-FF46-4F27-8F73-793E092E8CFE}.Release|x64.Build.0 = Release|x64
		{8D9CF77B-FF46-4F27-8F73-793E092E8CFE}.Release|x86.ActiveCfg = Release|Win32
		{8D9CF77B-FF46-4F27-8F73-793E092E8CFE}.Release|x86.Build.0 = Release|Win32
	EndGlobalSection
	GlobalSection(SolutionProperties) = preSolution
		HideSolutionNode = FALSE
	EndGlobalSection
	GlobalSection(ExtensibilityGlobals) = postSolution
		SolutionGuid = {35F95228-6D00-4B5B-9EA1-7D72D0DA6AD2}
	EndGlobalSection
EndGlobal
