
Microsoft Visual Studio Solution File, Format Version 12.00
# Visual Studio Version 16
VisualStudioVersion = 16.0.31515.178
MinimumVisualStudioVersion = 10.0.40219.1
Project("{8BC9CEB8-8B4A-11D0-8D11-00A0C91BC942}") = "type_promotion_int_to_long_long", "type_promotion_int_to_long_long\type_promotion_int_to_long_long.vcxproj", "{C6EA0DC1-D37C-4F90-9031-762E94450BDE}"
EndProject
Global
	GlobalSection(SolutionConfigurationPlatforms) = preSolution
		Debug|x64 = Debug|x64
		Debug|x86 = Debug|x86
		Release|x64 = Release|x64
		Release|x86 = Release|x86
	EndGlobalSection
	GlobalSection(ProjectConfigurationPlatforms) = postSolution
		{C6EA0DC1-D37C-4F90-9031-762E94450BDE}.Debug|x64.ActiveCfg = Debug|x64
		{C6EA0DC1-D37C-4F90-9031-762E94450BDE}.Debug|x64.Build.0 = Debug|x64
		{C6EA0DC1-D37C-4F90-9031-762E94450BDE}.Debug|x86.ActiveCfg = Debug|Win32
		{C6EA0DC1-D37C-4F90-9031-762E94450BDE}.Debug|x86.Build.0 = Debug|Win32
		{C6EA0DC1-D37C-4F90-9031-762E94450BDE}.Release|x64.ActiveCfg = Release|x64
		{C6EA0DC1-D37C-4F90-9031-762E94450BDE}.Release|x64.Build.0 = Release|x64
		{C6EA0DC1-D37C-4F90-9031-762E94450BDE}.Release|x86.ActiveCfg = Release|Win32
		{C6EA0DC1-D37C-4F90-9031-762E94450BDE}.Release|x86.Build.0 = Release|Win32
	EndGlobalSection
	GlobalSection(SolutionProperties) = preSolution
		HideSolutionNode = FALSE
	EndGlobalSection
	GlobalSection(ExtensibilityGlobals) = postSolution
		SolutionGuid = {CA2EF923-1490-46B1-8147-C32619332F90}
	EndGlobalSection
EndGlobal
