
Microsoft Visual Studio Solution File, Format Version 12.00
# Visual Studio Version 16
VisualStudioVersion = 16.0.31515.178
MinimumVisualStudioVersion = 10.0.40219.1
Project("{8BC9CEB8-8B4A-11D0-8D11-00A0C91BC942}") = "practice_parameter_triple_pointer", "practice_parameter_triple_pointer\practice_parameter_triple_pointer.vcxproj", "{7A262D0D-56D2-478A-BA7A-A888E49F1017}"
EndProject
Global
	GlobalSection(SolutionConfigurationPlatforms) = preSolution
		Debug|x64 = Debug|x64
		Debug|x86 = Debug|x86
		Release|x64 = Release|x64
		Release|x86 = Release|x86
	EndGlobalSection
	GlobalSection(ProjectConfigurationPlatforms) = postSolution
		{7A262D0D-56D2-478A-BA7A-A888E49F1017}.Debug|x64.ActiveCfg = Debug|x64
		{7A262D0D-56D2-478A-BA7A-A888E49F1017}.Debug|x64.Build.0 = Debug|x64
		{7A262D0D-56D2-478A-BA7A-A888E49F1017}.Debug|x86.ActiveCfg = Debug|Win32
		{7A262D0D-56D2-478A-BA7A-A888E49F1017}.Debug|x86.Build.0 = Debug|Win32
		{7A262D0D-56D2-478A-BA7A-A888E49F1017}.Release|x64.ActiveCfg = Release|x64
		{7A262D0D-56D2-478A-BA7A-A888E49F1017}.Release|x64.Build.0 = Release|x64
		{7A262D0D-56D2-478A-BA7A-A888E49F1017}.Release|x86.ActiveCfg = Release|Win32
		{7A262D0D-56D2-478A-BA7A-A888E49F1017}.Release|x86.Build.0 = Release|Win32
	EndGlobalSection
	GlobalSection(SolutionProperties) = preSolution
		HideSolutionNode = FALSE
	EndGlobalSection
	GlobalSection(ExtensibilityGlobals) = postSolution
		SolutionGuid = {5FF26551-C367-43BB-B6DE-048E4EC9A757}
	EndGlobalSection
EndGlobal
