
Microsoft Visual Studio Solution File, Format Version 12.00
# Visual Studio Version 16
VisualStudioVersion = 16.0.31515.178
MinimumVisualStudioVersion = 10.0.40219.1
Project("{8BC9CEB8-8B4A-11D0-8D11-00A0C91BC942}") = "parameter_char_array_argument", "parameter_char_array_argument\parameter_char_array_argument.vcxproj", "{86A9201F-59FD-45C2-BD0E-00A4246A2075}"
EndProject
Global
	GlobalSection(SolutionConfigurationPlatforms) = preSolution
		Debug|x64 = Debug|x64
		Debug|x86 = Debug|x86
		Release|x64 = Release|x64
		Release|x86 = Release|x86
	EndGlobalSection
	GlobalSection(ProjectConfigurationPlatforms) = postSolution
		{86A9201F-59FD-45C2-BD0E-00A4246A2075}.Debug|x64.ActiveCfg = Debug|x64
		{86A9201F-59FD-45C2-BD0E-00A4246A2075}.Debug|x64.Build.0 = Debug|x64
		{86A9201F-59FD-45C2-BD0E-00A4246A2075}.Debug|x86.ActiveCfg = Debug|Win32
		{86A9201F-59FD-45C2-BD0E-00A4246A2075}.Debug|x86.Build.0 = Debug|Win32
		{86A9201F-59FD-45C2-BD0E-00A4246A2075}.Release|x64.ActiveCfg = Release|x64
		{86A9201F-59FD-45C2-BD0E-00A4246A2075}.Release|x64.Build.0 = Release|x64
		{86A9201F-59FD-45C2-BD0E-00A4246A2075}.Release|x86.ActiveCfg = Release|Win32
		{86A9201F-59FD-45C2-BD0E-00A4246A2075}.Release|x86.Build.0 = Release|Win32
	EndGlobalSection
	GlobalSection(SolutionProperties) = preSolution
		HideSolutionNode = FALSE
	EndGlobalSection
	GlobalSection(ExtensibilityGlobals) = postSolution
		SolutionGuid = {06B5EB52-7FC1-4C51-9DF6-BE1C2FD79D22}
	EndGlobalSection
EndGlobal
