
Microsoft Visual Studio Solution File, Format Version 12.00
# Visual Studio Version 16
VisualStudioVersion = 16.0.31515.178
MinimumVisualStudioVersion = 10.0.40219.1
Project("{8BC9CEB8-8B4A-11D0-8D11-00A0C91BC942}") = "practice_parameter_string", "practice_parameter_string\practice_parameter_string.vcxproj", "{9086B80F-5BCD-4095-9EC1-1A79A870F38F}"
EndProject
Global
	GlobalSection(SolutionConfigurationPlatforms) = preSolution
		Debug|x64 = Debug|x64
		Debug|x86 = Debug|x86
		Release|x64 = Release|x64
		Release|x86 = Release|x86
	EndGlobalSection
	GlobalSection(ProjectConfigurationPlatforms) = postSolution
		{9086B80F-5BCD-4095-9EC1-1A79A870F38F}.Debug|x64.ActiveCfg = Debug|x64
		{9086B80F-5BCD-4095-9EC1-1A79A870F38F}.Debug|x64.Build.0 = Debug|x64
		{9086B80F-5BCD-4095-9EC1-1A79A870F38F}.Debug|x86.ActiveCfg = Debug|Win32
		{9086B80F-5BCD-4095-9EC1-1A79A870F38F}.Debug|x86.Build.0 = Debug|Win32
		{9086B80F-5BCD-4095-9EC1-1A79A870F38F}.Release|x64.ActiveCfg = Release|x64
		{9086B80F-5BCD-4095-9EC1-1A79A870F38F}.Release|x64.Build.0 = Release|x64
		{9086B80F-5BCD-4095-9EC1-1A79A870F38F}.Release|x86.ActiveCfg = Release|Win32
		{9086B80F-5BCD-4095-9EC1-1A79A870F38F}.Release|x86.Build.0 = Release|Win32
	EndGlobalSection
	GlobalSection(SolutionProperties) = preSolution
		HideSolutionNode = FALSE
	EndGlobalSection
	GlobalSection(ExtensibilityGlobals) = postSolution
		SolutionGuid = {301372E7-898A-4D8A-89E0-0368940CE2C2}
	EndGlobalSection
EndGlobal
