
Microsoft Visual Studio Solution File, Format Version 12.00
# Visual Studio Version 16
VisualStudioVersion = 16.0.31515.178
MinimumVisualStudioVersion = 10.0.40219.1
Project("{8BC9CEB8-8B4A-11D0-8D11-00A0C91BC942}") = "judge_real_number_overflow.c", "judge_real_number_overflow.c\judge_real_number_overflow.c.vcxproj", "{A07FA2AF-9E3E-442A-85C8-6898A45B4FCD}"
EndProject
Global
	GlobalSection(SolutionConfigurationPlatforms) = preSolution
		Debug|x64 = Debug|x64
		Debug|x86 = Debug|x86
		Release|x64 = Release|x64
		Release|x86 = Release|x86
	EndGlobalSection
	GlobalSection(ProjectConfigurationPlatforms) = postSolution
		{A07FA2AF-9E3E-442A-85C8-6898A45B4FCD}.Debug|x64.ActiveCfg = Debug|x64
		{A07FA2AF-9E3E-442A-85C8-6898A45B4FCD}.Debug|x64.Build.0 = Debug|x64
		{A07FA2AF-9E3E-442A-85C8-6898A45B4FCD}.Debug|x86.ActiveCfg = Debug|Win32
		{A07FA2AF-9E3E-442A-85C8-6898A45B4FCD}.Debug|x86.Build.0 = Debug|Win32
		{A07FA2AF-9E3E-442A-85C8-6898A45B4FCD}.Release|x64.ActiveCfg = Release|x64
		{A07FA2AF-9E3E-442A-85C8-6898A45B4FCD}.Release|x64.Build.0 = Release|x64
		{A07FA2AF-9E3E-442A-85C8-6898A45B4FCD}.Release|x86.ActiveCfg = Release|Win32
		{A07FA2AF-9E3E-442A-85C8-6898A45B4FCD}.Release|x86.Build.0 = Release|Win32
	EndGlobalSection
	GlobalSection(SolutionProperties) = preSolution
		HideSolutionNode = FALSE
	EndGlobalSection
	GlobalSection(ExtensibilityGlobals) = postSolution
		SolutionGuid = {E2FEF33E-4CD8-4ECE-AA17-EE2EE4A6BCC9}
	EndGlobalSection
EndGlobal
