
Microsoft Visual Studio Solution File, Format Version 12.00
# Visual Studio Version 16
VisualStudioVersion = 16.0.31515.178
MinimumVisualStudioVersion = 10.0.40219.1
Project("{8BC9CEB8-8B4A-11D0-8D11-00A0C91BC942}") = "pointer_like_array", "pointer_like_array\pointer_like_array.vcxproj", "{649DEFF1-D476-48F8-B8C0-BDB2978AB64A}"
EndProject
Global
	GlobalSection(SolutionConfigurationPlatforms) = preSolution
		Debug|x64 = Debug|x64
		Debug|x86 = Debug|x86
		Release|x64 = Release|x64
		Release|x86 = Release|x86
	EndGlobalSection
	GlobalSection(ProjectConfigurationPlatforms) = postSolution
		{649DEFF1-D476-48F8-B8C0-BDB2978AB64A}.Debug|x64.ActiveCfg = Debug|x64
		{649DEFF1-D476-48F8-B8C0-BDB2978AB64A}.Debug|x64.Build.0 = Debug|x64
		{649DEFF1-D476-48F8-B8C0-BDB2978AB64A}.Debug|x86.ActiveCfg = Debug|Win32
		{649DEFF1-D476-48F8-B8C0-BDB2978AB64A}.Debug|x86.Build.0 = Debug|Win32
		{649DEFF1-D476-48F8-B8C0-BDB2978AB64A}.Release|x64.ActiveCfg = Release|x64
		{649DEFF1-D476-48F8-B8C0-BDB2978AB64A}.Release|x64.Build.0 = Release|x64
		{649DEFF1-D476-48F8-B8C0-BDB2978AB64A}.Release|x86.ActiveCfg = Release|Win32
		{649DEFF1-D476-48F8-B8C0-BDB2978AB64A}.Release|x86.Build.0 = Release|Win32
	EndGlobalSection
	GlobalSection(SolutionProperties) = preSolution
		HideSolutionNode = FALSE
	EndGlobalSection
	GlobalSection(ExtensibilityGlobals) = postSolution
		SolutionGuid = {1B459EB9-71F0-4F66-910E-1FB15F279A33}
	EndGlobalSection
EndGlobal
