
Microsoft Visual Studio Solution File, Format Version 12.00
# Visual Studio Version 16
VisualStudioVersion = 16.0.31515.178
MinimumVisualStudioVersion = 10.0.40219.1
Project("{8BC9CEB8-8B4A-11D0-8D11-00A0C91BC942}") = "integer_to_hex_string", "integer_to_hex_string\integer_to_hex_string.vcxproj", "{1872AA1E-14AB-446E-A1A7-0CA32983374E}"
EndProject
Global
	GlobalSection(SolutionConfigurationPlatforms) = preSolution
		Debug|x64 = Debug|x64
		Debug|x86 = Debug|x86
		Release|x64 = Release|x64
		Release|x86 = Release|x86
	EndGlobalSection
	GlobalSection(ProjectConfigurationPlatforms) = postSolution
		{1872AA1E-14AB-446E-A1A7-0CA32983374E}.Debug|x64.ActiveCfg = Debug|x64
		{1872AA1E-14AB-446E-A1A7-0CA32983374E}.Debug|x64.Build.0 = Debug|x64
		{1872AA1E-14AB-446E-A1A7-0CA32983374E}.Debug|x86.ActiveCfg = Debug|Win32
		{1872AA1E-14AB-446E-A1A7-0CA32983374E}.Debug|x86.Build.0 = Debug|Win32
		{1872AA1E-14AB-446E-A1A7-0CA32983374E}.Release|x64.ActiveCfg = Release|x64
		{1872AA1E-14AB-446E-A1A7-0CA32983374E}.Release|x64.Build.0 = Release|x64
		{1872AA1E-14AB-446E-A1A7-0CA32983374E}.Release|x86.ActiveCfg = Release|Win32
		{1872AA1E-14AB-446E-A1A7-0CA32983374E}.Release|x86.Build.0 = Release|Win32
	EndGlobalSection
	GlobalSection(SolutionProperties) = preSolution
		HideSolutionNode = FALSE
	EndGlobalSection
	GlobalSection(ExtensibilityGlobals) = postSolution
		SolutionGuid = {8C17608D-9968-4B54-AD41-C394F487EC6E}
	EndGlobalSection
EndGlobal
