
Microsoft Visual Studio Solution File, Format Version 12.00
# Visual Studio Version 16
VisualStudioVersion = 16.0.31515.178
MinimumVisualStudioVersion = 10.0.40219.1
Project("{8BC9CEB8-8B4A-11D0-8D11-00A0C91BC942}") = "judge_transpose_of_matrix", "judge_transpose_of_matrix\judge_transpose_of_matrix.vcxproj", "{9B54563B-2EF3-4C36-8996-F2DC7F8899CD}"
EndProject
Global
	GlobalSection(SolutionConfigurationPlatforms) = preSolution
		Debug|x64 = Debug|x64
		Debug|x86 = Debug|x86
		Release|x64 = Release|x64
		Release|x86 = Release|x86
	EndGlobalSection
	GlobalSection(ProjectConfigurationPlatforms) = postSolution
		{9B54563B-2EF3-4C36-8996-F2DC7F8899CD}.Debug|x64.ActiveCfg = Debug|x64
		{9B54563B-2EF3-4C36-8996-F2DC7F8899CD}.Debug|x64.Build.0 = Debug|x64
		{9B54563B-2EF3-4C36-8996-F2DC7F8899CD}.Debug|x86.ActiveCfg = Debug|Win32
		{9B54563B-2EF3-4C36-8996-F2DC7F8899CD}.Debug|x86.Build.0 = Debug|Win32
		{9B54563B-2EF3-4C36-8996-F2DC7F8899CD}.Release|x64.ActiveCfg = Release|x64
		{9B54563B-2EF3-4C36-8996-F2DC7F8899CD}.Release|x64.Build.0 = Release|x64
		{9B54563B-2EF3-4C36-8996-F2DC7F8899CD}.Release|x86.ActiveCfg = Release|Win32
		{9B54563B-2EF3-4C36-8996-F2DC7F8899CD}.Release|x86.Build.0 = Release|Win32
	EndGlobalSection
	GlobalSection(SolutionProperties) = preSolution
		HideSolutionNode = FALSE
	EndGlobalSection
	GlobalSection(ExtensibilityGlobals) = postSolution
		SolutionGuid = {D4DFDDD8-1F27-4CC8-8812-D6268F3F1BC9}
	EndGlobalSection
EndGlobal
