
Microsoft Visual Studio Solution File, Format Version 12.00
# Visual Studio Version 16
VisualStudioVersion = 16.0.31515.178
MinimumVisualStudioVersion = 10.0.40219.1
Project("{8BC9CEB8-8B4A-11D0-8D11-00A0C91BC942}") = "write_partial_file", "write_partial_file\write_partial_file.vcxproj", "{5A29D985-BF88-42DB-9C75-A0B650BAEBEB}"
EndProject
Global
	GlobalSection(SolutionConfigurationPlatforms) = preSolution
		Debug|x64 = Debug|x64
		Debug|x86 = Debug|x86
		Release|x64 = Release|x64
		Release|x86 = Release|x86
	EndGlobalSection
	GlobalSection(ProjectConfigurationPlatforms) = postSolution
		{5A29D985-BF88-42DB-9C75-A0B650BAEBEB}.Debug|x64.ActiveCfg = Debug|x64
		{5A29D985-BF88-42DB-9C75-A0B650BAEBEB}.Debug|x64.Build.0 = Debug|x64
		{5A29D985-BF88-42DB-9C75-A0B650BAEBEB}.Debug|x86.ActiveCfg = Debug|Win32
		{5A29D985-BF88-42DB-9C75-A0B650BAEBEB}.Debug|x86.Build.0 = Debug|Win32
		{5A29D985-BF88-42DB-9C75-A0B650BAEBEB}.Release|x64.ActiveCfg = Release|x64
		{5A29D985-BF88-42DB-9C75-A0B650BAEBEB}.Release|x64.Build.0 = Release|x64
		{5A29D985-BF88-42DB-9C75-A0B650BAEBEB}.Release|x86.ActiveCfg = Release|Win32
		{5A29D985-BF88-42DB-9C75-A0B650BAEBEB}.Release|x86.Build.0 = Release|Win32
	EndGlobalSection
	GlobalSection(SolutionProperties) = preSolution
		HideSolutionNode = FALSE
	EndGlobalSection
	GlobalSection(ExtensibilityGlobals) = postSolution
		SolutionGuid = {4806A4CC-EB12-44C0-9B94-F58F2A6765F7}
	EndGlobalSection
EndGlobal
