
Microsoft Visual Studio Solution File, Format Version 12.00
# Visual Studio Version 16
VisualStudioVersion = 16.0.31515.178
MinimumVisualStudioVersion = 10.0.40219.1
Project("{8BC9CEB8-8B4A-11D0-8D11-00A0C91BC942}") = "string_array_element_assign", "string_array_element_assign\string_array_element_assign.vcxproj", "{FAD7687E-77E7-477D-B449-174BAC01FA64}"
EndProject
Global
	GlobalSection(SolutionConfigurationPlatforms) = preSolution
		Debug|x64 = Debug|x64
		Debug|x86 = Debug|x86
		Release|x64 = Release|x64
		Release|x86 = Release|x86
	EndGlobalSection
	GlobalSection(ProjectConfigurationPlatforms) = postSolution
		{FAD7687E-77E7-477D-B449-174BAC01FA64}.Debug|x64.ActiveCfg = Debug|x64
		{FAD7687E-77E7-477D-B449-174BAC01FA64}.Debug|x64.Build.0 = Debug|x64
		{FAD7687E-77E7-477D-B449-174BAC01FA64}.Debug|x86.ActiveCfg = Debug|Win32
		{FAD7687E-77E7-477D-B449-174BAC01FA64}.Debug|x86.Build.0 = Debug|Win32
		{FAD7687E-77E7-477D-B449-174BAC01FA64}.Release|x64.ActiveCfg = Release|x64
		{FAD7687E-77E7-477D-B449-174BAC01FA64}.Release|x64.Build.0 = Release|x64
		{FAD7687E-77E7-477D-B449-174BAC01FA64}.Release|x86.ActiveCfg = Release|Win32
		{FAD7687E-77E7-477D-B449-174BAC01FA64}.Release|x86.Build.0 = Release|Win32
	EndGlobalSection
	GlobalSection(SolutionProperties) = preSolution
		HideSolutionNode = FALSE
	EndGlobalSection
	GlobalSection(ExtensibilityGlobals) = postSolution
		SolutionGuid = {14BE9932-BDD7-470A-9686-152ED71177B8}
	EndGlobalSection
EndGlobal
