
Microsoft Visual Studio Solution File, Format Version 12.00
# Visual Studio Version 16
VisualStudioVersion = 16.0.31515.178
MinimumVisualStudioVersion = 10.0.40219.1
Project("{8BC9CEB8-8B4A-11D0-8D11-00A0C91BC942}") = "practice_struct", "practice_struct\practice_struct.vcxproj", "{FB927428-606A-41CF-A1D5-8EBF3C4B78AF}"
EndProject
Global
	GlobalSection(SolutionConfigurationPlatforms) = preSolution
		Debug|x64 = Debug|x64
		Debug|x86 = Debug|x86
		Release|x64 = Release|x64
		Release|x86 = Release|x86
	EndGlobalSection
	GlobalSection(ProjectConfigurationPlatforms) = postSolution
		{FB927428-606A-41CF-A1D5-8EBF3C4B78AF}.Debug|x64.ActiveCfg = Debug|x64
		{FB927428-606A-41CF-A1D5-8EBF3C4B78AF}.Debug|x64.Build.0 = Debug|x64
		{FB927428-606A-41CF-A1D5-8EBF3C4B78AF}.Debug|x86.ActiveCfg = Debug|Win32
		{FB927428-606A-41CF-A1D5-8EBF3C4B78AF}.Debug|x86.Build.0 = Debug|Win32
		{FB927428-606A-41CF-A1D5-8EBF3C4B78AF}.Release|x64.ActiveCfg = Release|x64
		{FB927428-606A-41CF-A1D5-8EBF3C4B78AF}.Release|x64.Build.0 = Release|x64
		{FB927428-606A-41CF-A1D5-8EBF3C4B78AF}.Release|x86.ActiveCfg = Release|Win32
		{FB927428-606A-41CF-A1D5-8EBF3C4B78AF}.Release|x86.Build.0 = Release|Win32
	EndGlobalSection
	GlobalSection(SolutionProperties) = preSolution
		HideSolutionNode = FALSE
	EndGlobalSection
	GlobalSection(ExtensibilityGlobals) = postSolution
		SolutionGuid = {99539EA3-6885-47A0-AAE5-727FA05E2D85}
	EndGlobalSection
EndGlobal
