
Microsoft Visual Studio Solution File, Format Version 12.00
# Visual Studio Version 16
VisualStudioVersion = 16.0.31515.178
MinimumVisualStudioVersion = 10.0.40219.1
Project("{8BC9CEB8-8B4A-11D0-8D11-00A0C91BC942}") = "parameter_double_pointer", "parameter_double_pointer\parameter_double_pointer.vcxproj", "{BC13B3FD-887F-4F16-B025-0E8911691183}"
EndProject
Global
	GlobalSection(SolutionConfigurationPlatforms) = preSolution
		Debug|x64 = Debug|x64
		Debug|x86 = Debug|x86
		Release|x64 = Release|x64
		Release|x86 = Release|x86
	EndGlobalSection
	GlobalSection(ProjectConfigurationPlatforms) = postSolution
		{BC13B3FD-887F-4F16-B025-0E8911691183}.Debug|x64.ActiveCfg = Debug|x64
		{BC13B3FD-887F-4F16-B025-0E8911691183}.Debug|x64.Build.0 = Debug|x64
		{BC13B3FD-887F-4F16-B025-0E8911691183}.Debug|x86.ActiveCfg = Debug|Win32
		{BC13B3FD-887F-4F16-B025-0E8911691183}.Debug|x86.Build.0 = Debug|Win32
		{BC13B3FD-887F-4F16-B025-0E8911691183}.Release|x64.ActiveCfg = Release|x64
		{BC13B3FD-887F-4F16-B025-0E8911691183}.Release|x64.Build.0 = Release|x64
		{BC13B3FD-887F-4F16-B025-0E8911691183}.Release|x86.ActiveCfg = Release|Win32
		{BC13B3FD-887F-4F16-B025-0E8911691183}.Release|x86.Build.0 = Release|Win32
	EndGlobalSection
	GlobalSection(SolutionProperties) = preSolution
		HideSolutionNode = FALSE
	EndGlobalSection
	GlobalSection(ExtensibilityGlobals) = postSolution
		SolutionGuid = {DDBF9BFF-0CC2-43DE-83A3-A45C04599917}
	EndGlobalSection
EndGlobal
