
Microsoft Visual Studio Solution File, Format Version 12.00
# Visual Studio Version 16
VisualStudioVersion = 16.0.31515.178
MinimumVisualStudioVersion = 10.0.40219.1
Project("{8BC9CEB8-8B4A-11D0-8D11-00A0C91BC942}") = "pointer_dereference", "pointer_dereference\pointer_dereference.vcxproj", "{95736692-FD03-4D22-A6E2-29C390802976}"
EndProject
Global
	GlobalSection(SolutionConfigurationPlatforms) = preSolution
		Debug|x64 = Debug|x64
		Debug|x86 = Debug|x86
		Release|x64 = Release|x64
		Release|x86 = Release|x86
	EndGlobalSection
	GlobalSection(ProjectConfigurationPlatforms) = postSolution
		{95736692-FD03-4D22-A6E2-29C390802976}.Debug|x64.ActiveCfg = Debug|x64
		{95736692-FD03-4D22-A6E2-29C390802976}.Debug|x64.Build.0 = Debug|x64
		{95736692-FD03-4D22-A6E2-29C390802976}.Debug|x86.ActiveCfg = Debug|Win32
		{95736692-FD03-4D22-A6E2-29C390802976}.Debug|x86.Build.0 = Debug|Win32
		{95736692-FD03-4D22-A6E2-29C390802976}.Release|x64.ActiveCfg = Release|x64
		{95736692-FD03-4D22-A6E2-29C390802976}.Release|x64.Build.0 = Release|x64
		{95736692-FD03-4D22-A6E2-29C390802976}.Release|x86.ActiveCfg = Release|Win32
		{95736692-FD03-4D22-A6E2-29C390802976}.Release|x86.Build.0 = Release|Win32
	EndGlobalSection
	GlobalSection(SolutionProperties) = preSolution
		HideSolutionNode = FALSE
	EndGlobalSection
	GlobalSection(ExtensibilityGlobals) = postSolution
		SolutionGuid = {538EF0A3-A2E9-4581-9DC6-A2B9A0104B6A}
	EndGlobalSection
EndGlobal
